PODS:
  - Alamofire (4.9.1)
  - iOSMovieDB (0.0.4):
    - Alamofire (~> 4.9)
  - iOSUI (0.1.1)
  - SDWebImage (5.8.0):
    - SDWebImage/Core (= 5.8.0)
  - SDWebImage/Core (5.8.0)

DEPENDENCIES:
  - iOSMovieDB (~> 0.0.4)
  - iOSUI (~> 0.1.1)
  - SDWebImage

SPEC REPOS:
  trunk:
    - Alamofire
    - iOSMovieDB
    - iOSUI
    - SDWebImage

SPEC CHECKSUMS:
  Alamofire: 85e8a02c69d6020a0d734f6054870d7ecb75cf18
  iOSMovieDB: c57c649ca0ad991f4f6efe4446c918c127211cbc
  iOSUI: 324883832987a3ff8d5920bce9b57d552b1aafc1
  SDWebImage: 84000f962cbfa70c07f19d2234cbfcf5d779b5dc

PODFILE CHECKSUM: 882ed68d79382d0c75bf80a16da735ddf0d2795c

COCOAPODS: 1.10.0
